
Microsoft Visual Studio Solution File, Format Version 12.00
# Visual Studio Version 16
VisualStudioVersion = 16.0.31624.102
MinimumVisualStudioVersion = 10.0.40219.1
Project("{FAE04EC0-301F-11D3-BF4B-00C04F79EFBC}") = "Training", "Training\Training.csproj", "{BB6D250A-C304-44D4-9A67-082D1042A781}"
EndProject
Global
	GlobalSection(SolutionConfigurationPlatforms) = preSolution
		Debug|Any CPU = Debug|Any CPU
		Release|Any CPU = Release|Any CPU
	EndGlobalSection
	GlobalSection(ProjectConfigurationPlatforms) = postSolution
		{BB6D250A-C304-44D4-9A67-082D1042A781}.Debug|Any CPU.ActiveCfg = Debug|Any CPU
		{BB6D250A-C304-44D4-9A67-082D1042A781}.Debug|Any CPU.Build.0 = Debug|Any CPU
		{BB6D250A-C304-44D4-9A67-082D1042A781}.Release|Any CPU.ActiveCfg = Release|Any CPU
		{BB6D250A-C304-44D4-9A67-082D1042A781}.Release|Any CPU.Build.0 = Release|Any CPU
	EndGlobalSection
	GlobalSection(SolutionProperties) = preSolution
		HideSolutionNode = FALSE
	EndGlobalSection
	GlobalSection(ExtensibilityGlobals) = postSolution
		SolutionGuid = {084E5E67-24B9-4026-80D1-5BB33F339F7B}
	EndGlobalSection
EndGlobal
